
Microsoft Visual Studio Solution File, Format Version 12.00
# Visual Studio Version 17
VisualStudioVersion = 17.14.36518.9
MinimumVisualStudioVersion = 10.0.40219.1
Project("{FAE04EC0-301F-11D3-BF4B-00C04F79EFBC}") = "Restaurant.DAL", "Restaurant.DAL\Restaurant.DAL.csproj", "{50ADCDC3-C895-43B7-A459-CBD946392854}"
EndProject
Project("{FAE04EC0-301F-11D3-BF4B-00C04F79EFBC}") = "Restaurant.PL", "Restaurant.PL\Restaurant.PL.csproj", "{7556CC50-9D02-426F-9DF8-54069F79346C}"
EndProject
Project("{FAE04EC0-301F-11D3-BF4B-00C04F79EFBC}") = "Restaurant.BLL", "Restaurant.BLL\Restaurant.BLL.csproj", "{FB1216F6-1DAE-41E9-9BC6-B252DEDFD4C0}"
EndProject
Project("{FAE04EC0-301F-11D3-BF4B-00C04F79EFBC}") = "Restaurant.Core", "Restaurant.Core\Restaurant.Core.csproj", "{A9BDDC4A-9813-4B5D-9E7E-EACC3CF4E3CF}"
EndProject
Global
	GlobalSection(SolutionConfigurationPlatforms) = preSolution
		Debug|Any CPU = Debug|Any CPU
		Release|Any CPU = Release|Any CPU
	EndGlobalSection
	GlobalSection(ProjectConfigurationPlatforms) = postSolution
		{50ADCDC3-C895-43B7-A459-CBD946392854}.Debug|Any CPU.ActiveCfg = Debug|Any CPU
		{50ADCDC3-C895-43B7-A459-CBD946392854}.Debug|Any CPU.Build.0 = Debug|Any CPU
		{50ADCDC3-C895-43B7-A459-CBD946392854}.Release|Any CPU.ActiveCfg = Release|Any CPU
		{50ADCDC3-C895-43B7-A459-CBD946392854}.Release|Any CPU.Build.0 = Release|Any CPU
		{7556CC50-9D02-426F-9DF8-54069F79346C}.Debug|Any CPU.ActiveCfg = Debug|Any CPU
		{7556CC50-9D02-426F-9DF8-54069F79346C}.Debug|Any CPU.Build.0 = Debug|Any CPU
		{7556CC50-9D02-426F-9DF8-54069F79346C}.Release|Any CPU.ActiveCfg = Release|Any CPU
		{7556CC50-9D02-426F-9DF8-54069F79346C}.Release|Any CPU.Build.0 = Release|Any CPU
		{FB1216F6-1DAE-41E9-9BC6-B252DEDFD4C0}.Debug|Any CPU.ActiveCfg = Debug|Any CPU
		{FB1216F6-1DAE-41E9-9BC6-B252DEDFD4C0}.Debug|Any CPU.Build.0 = Debug|Any CPU
		{FB1216F6-1DAE-41E9-9BC6-B252DEDFD4C0}.Release|Any CPU.ActiveCfg = Release|Any CPU
		{FB1216F6-1DAE-41E9-9BC6-B252DEDFD4C0}.Release|Any CPU.Build.0 = Release|Any CPU
		{A9BDDC4A-9813-4B5D-9E7E-EACC3CF4E3CF}.Debug|Any CPU.ActiveCfg = Debug|Any CPU
		{A9BDDC4A-9813-4B5D-9E7E-EACC3CF4E3CF}.Debug|Any CPU.Build.0 = Debug|Any CPU
		{A9BDDC4A-9813-4B5D-9E7E-EACC3CF4E3CF}.Release|Any CPU.ActiveCfg = Release|Any CPU
		{A9BDDC4A-9813-4B5D-9E7E-EACC3CF4E3CF}.Release|Any CPU.Build.0 = Release|Any CPU
	EndGlobalSection
	GlobalSection(SolutionProperties) = preSolution
		HideSolutionNode = FALSE
	EndGlobalSection
	GlobalSection(ExtensibilityGlobals) = postSolution
		SolutionGuid = {2A5B830E-39A3-41D6-B2FD-9E93DE4648DF}
	EndGlobalSection
EndGlobal
